
Microsoft Visual Studio Solution File, Format Version 12.00
# Visual Studio 15
VisualStudioVersion = 15.0.26430.14
MinimumVisualStudioVersion = 10.0.40219.1
Project("{FAE04EC0-301F-11D3-BF4B-00C04F79EFBC}") = "GameOfLifeV3", "GameOfLifeV3\GameOfLifeV3.csproj", "{8C089617-84FC-4983-B2FB-6588C5166DA6}"
EndProject
Project("{FAE04EC0-301F-11D3-BF4B-00C04F79EFBC}") = "GameOfLifeV3Tests", "GameOfLifeV3Tests\GameOfLifeV3Tests.csproj", "{1B58F10B-7A72-484E-9C9C-CCFC128A2C70}"
EndProject
Global
	GlobalSection(SolutionConfigurationPlatforms) = preSolution
		Debug|Any CPU = Debug|Any CPU
		Release|Any CPU = Release|Any CPU
	EndGlobalSection
	GlobalSection(ProjectConfigurationPlatforms) = postSolution
		{8C089617-84FC-4983-B2FB-6588C5166DA6}.Debug|Any CPU.ActiveCfg = Debug|Any CPU
		{8C089617-84FC-4983-B2FB-6588C5166DA6}.Debug|Any CPU.Build.0 = Debug|Any CPU
		{8C089617-84FC-4983-B2FB-6588C5166DA6}.Release|Any CPU.ActiveCfg = Release|Any CPU
		{8C089617-84FC-4983-B2FB-6588C5166DA6}.Release|Any CPU.Build.0 = Release|Any CPU
		{1B58F10B-7A72-484E-9C9C-CCFC128A2C70}.Debug|Any CPU.ActiveCfg = Debug|Any CPU
		{1B58F10B-7A72-484E-9C9C-CCFC128A2C70}.Debug|Any CPU.Build.0 = Debug|Any CPU
		{1B58F10B-7A72-484E-9C9C-CCFC128A2C70}.Release|Any CPU.ActiveCfg = Release|Any CPU
		{1B58F10B-7A72-484E-9C9C-CCFC128A2C70}.Release|Any CPU.Build.0 = Release|Any CPU
	EndGlobalSection
	GlobalSection(SolutionProperties) = preSolution
		HideSolutionNode = FALSE
	EndGlobalSection
EndGlobal
